
Microsoft Visual Studio Solution File, Format Version 12.00
# Visual Studio Version 16
VisualStudioVersion = 16.0.31829.152
MinimumVisualStudioVersion = 10.0.40219.1
Project("{9A19103F-16F7-4668-BE54-9A1E7A4F7556}") = "AllInOne", "AllInOne\AllInOne.csproj", "{8E9C63EF-C193-405F-9DB7-9C1D60B46200}"
EndProject
Project("{9A19103F-16F7-4668-BE54-9A1E7A4F7556}") = "01. Convert Meters to Kilometers", "01. Convert Meters to Kilometers\01. Convert Meters to Kilometers.csproj", "{357A84FF-04B7-4C6C-AD21-B0B1ADA17A7A}"
EndProject
Project("{9A19103F-16F7-4668-BE54-9A1E7A4F7556}") = "02. Pounds to Dollars", "02. Pounds to Dollars\02. Pounds to Dollars.csproj", "{D5D1D77B-64E8-42B8-B606-C6E240CD5940}"
EndProject
Project("{9A19103F-16F7-4668-BE54-9A1E7A4F7556}") = "03. Exact Sum of Real Numbers", "03. Exact Sum of Real Numbers\03. Exact Sum of Real Numbers.csproj", "{B97141D5-3204-4CCF-AE86-CACC8E508C21}"
EndProject
Project("{9A19103F-16F7-4668-BE54-9A1E7A4F7556}") = "04. Centuries to Minutes", "04. Centuries to Minutes\04. Centuries to Minutes.csproj", "{FF889BE2-B8FA-468E-9890-BF1EC4B8ABFC}"
EndProject
Project("{9A19103F-16F7-4668-BE54-9A1E7A4F7556}") = "05. Special Numbers", "05. Special Numbers\05. Special Numbers.csproj", "{4B69B7E0-E2C6-43D2-8F60-F5D2C0025E9A}"
EndProject
Project("{9A19103F-16F7-4668-BE54-9A1E7A4F7556}") = "06. Reversed Chars", "06. Reversed Chars\06. Reversed Chars.csproj", "{B4D77768-992F-4D6C-B2D4-728FBE31FC97}"
EndProject
Project("{9A19103F-16F7-4668-BE54-9A1E7A4F7556}") = "07. Concat Names", "07. Concat Names\07. Concat Names.csproj", "{AF1A2038-877E-4072-BBBE-B44311E078AF}"
EndProject
Project("{9A19103F-16F7-4668-BE54-9A1E7A4F7556}") = "08. Town Info", "08. Town Info\08. Town Info.csproj", "{9A66DF47-B586-4910-B339-E489B47E0F86}"
EndProject
Project("{9A19103F-16F7-4668-BE54-9A1E7A4F7556}") = "09. Chars to String", "09. Chars to String\09. Chars to String.csproj", "{4ED0B3FE-E787-4E19-9FB7-420553BA83CA}"
EndProject
Project("{9A19103F-16F7-4668-BE54-9A1E7A4F7556}") = "10. Lower or Upper", "10. Lower or Upper\10. Lower or Upper.csproj", "{14FE700D-2528-4F9D-ACE3-534AC67001BE}"
EndProject
Project("{9A19103F-16F7-4668-BE54-9A1E7A4F7556}") = "11. Refactor Volume of Pyramid", "11. Refactor Volume of Pyramid\11. Refactor Volume of Pyramid.csproj", "{E11D7788-8BDA-4C8D-A151-5142295A71CB}"
EndProject
Project("{9A19103F-16F7-4668-BE54-9A1E7A4F7556}") = "12. Refactor Special Numbers", "12. Refactor Special Numbers\12. Refactor Special Numbers.csproj", "{958FC9E0-984E-48F6-94EC-22F5DA385F40}"
EndProject
Project("{9A19103F-16F7-4668-BE54-9A1E7A4F7556}") = "01. Integer Operations", "01. Integer Operations\01. Integer Operations.csproj", "{86BED642-98EC-45C8-B8A0-0EDBA01BF978}"
EndProject
Project("{9A19103F-16F7-4668-BE54-9A1E7A4F7556}") = "02. Sum Digits", "02. Sum Digits\02. Sum Digits.csproj", "{E2B98ED2-7EA5-4AF1-9D58-047DE0269A52}"
EndProject
Project("{9A19103F-16F7-4668-BE54-9A1E7A4F7556}") = "03. Elevator", "03. Elevator\03. Elevator.csproj", "{2FD95398-5CC0-4CAB-BA3A-7658AACB7F42}"
EndProject
Project("{9A19103F-16F7-4668-BE54-9A1E7A4F7556}") = "04. Sum of Chars", "04. Sum of Chars\04. Sum of Chars.csproj", "{FE7EA888-46B4-4511-83AF-7DD3E92648BB}"
EndProject
Project("{9A19103F-16F7-4668-BE54-9A1E7A4F7556}") = "05. Print Part Of ASCII Table", "05. Print Part Of ASCII Table\05. Print Part Of ASCII Table.csproj", "{F9B2030C-441F-4FD5-A9FD-7D1CCB90DA1F}"
EndProject
Project("{9A19103F-16F7-4668-BE54-9A1E7A4F7556}") = "06. Triples of Latin Letters", "06. Triples of Latin Letters\06. Triples of Latin Letters.csproj", "{D03931F9-7CF2-4092-B4B3-25BBCDEACFF7}"
EndProject
Project("{9A19103F-16F7-4668-BE54-9A1E7A4F7556}") = "07. Water Overflow", "07. Water Overflow\07. Water Overflow.csproj", "{A9F5D7C4-8654-44A2-A7C1-C388B86625B4}"
EndProject
Project("{9A19103F-16F7-4668-BE54-9A1E7A4F7556}") = "08. Beer Kegs", "08. Beer Kegs\08. Beer Kegs.csproj", "{8DE22122-E98D-4C1A-97B8-7FFD06E1E735}"
EndProject
Project("{9A19103F-16F7-4668-BE54-9A1E7A4F7556}") = "09. Spice Must Flow", "09. Spice Must Flow\09. Spice Must Flow.csproj", "{9AD8798D-0D90-43D9-B0DD-6777E0F03FF6}"
EndProject
Project("{9A19103F-16F7-4668-BE54-9A1E7A4F7556}") = "10. Poke Mon", "10. Poke Mon\10. Poke Mon.csproj", "{19054416-98E2-458D-81D7-02C5D42A64F3}"
EndProject
Project("{9A19103F-16F7-4668-BE54-9A1E7A4F7556}") = "11. Snowballs", "11. Snowballs\11. Snowballs.csproj", "{05CDEAC7-2592-4B7D-92B3-9A7875C9445D}"
EndProject
Project("{9A19103F-16F7-4668-BE54-9A1E7A4F7556}") = "01. Data Type Finder", "01. Data Type Finder\01. Data Type Finder.csproj", "{94BD78EB-4CA3-4CBA-8902-DACBF8606BD1}"
EndProject
Project("{9A19103F-16F7-4668-BE54-9A1E7A4F7556}") = "02. From Left to The Right", "02. From Left to The Right\02. From Left to The Right.csproj", "{A89AF7D4-8E80-4BEE-8610-DEFA31E1C328}"
EndProject
Project("{9A19103F-16F7-4668-BE54-9A1E7A4F7556}") = "03. Floating Equality", "03. Floating Equality\03. Floating Equality.csproj", "{5B0E34EF-C698-4B43-A813-36C8532839E6}"
EndProject
Project("{9A19103F-16F7-4668-BE54-9A1E7A4F7556}") = "04. Refactoring", "04. Refactoring\04. Refactoring.csproj", "{B113B43A-094E-42A0-A1A7-7978F678F2AB}"
EndProject
Project("{9A19103F-16F7-4668-BE54-9A1E7A4F7556}") = "05. Decrypting Message", "05. Decrypting Message\05. Decrypting Message.csproj", "{42085634-F0C5-4CD2-AECF-ECF4F3386C81}"
EndProject
Project("{9A19103F-16F7-4668-BE54-9A1E7A4F7556}") = "06. Balanced Brackets", "06. Balanced Brackets\06. Balanced Brackets.csproj", "{E7A58266-6079-49C6-88DA-E9455BF84FD5}"
EndProject
Project("{9A19103F-16F7-4668-BE54-9A1E7A4F7556}") = "01. Day of Week", "01. Day of Week\01. Day of Week.csproj", "{0F8D2D67-3D49-4F2D-BDEF-34A5E873139C}"
EndProject
Project("{9A19103F-16F7-4668-BE54-9A1E7A4F7556}") = "02. Print Numbers in Reverse Order", "02. Print Numbers in Reverse Order\02. Print Numbers in Reverse Order.csproj", "{4220F686-B3F2-4BFB-ADA3-C21A49C0FB78}"
EndProject
Project("{9A19103F-16F7-4668-BE54-9A1E7A4F7556}") = "03. Rounding Numbers", "03. Rounding Numbers\03. Rounding Numbers.csproj", "{651942C7-C593-4E74-8404-BF7EFEBE377D}"
EndProject
Project("{9A19103F-16F7-4668-BE54-9A1E7A4F7556}") = "04. Reverse Array of Strings", "04. Reverse Array of Strings\04. Reverse Array of Strings.csproj", "{14461EAE-27AA-41A3-A048-3A0687DFE155}"
EndProject
Project("{9A19103F-16F7-4668-BE54-9A1E7A4F7556}") = "05. Sum Even Numbers", "05. Sum Even Numbers\05. Sum Even Numbers.csproj", "{F3AC34FA-7D85-4127-AAA0-74A84AE2646D}"
EndProject
Project("{9A19103F-16F7-4668-BE54-9A1E7A4F7556}") = "06. Even and Odd Subtraction", "06. Even and Odd Subtraction\06. Even and Odd Subtraction.csproj", "{534DF872-7C33-4184-8AB8-933A2C55454C}"
EndProject
Project("{9A19103F-16F7-4668-BE54-9A1E7A4F7556}") = "07. Equal Arrays", "07. Equal Arrays\07. Equal Arrays.csproj", "{584C3050-8893-4BD4-8F41-9660A4CA1889}"
EndProject
Project("{9A19103F-16F7-4668-BE54-9A1E7A4F7556}") = "08. Condense Array to Number", "08. Condense Array to Number\08. Condense Array to Number.csproj", "{5C6B3A9D-F036-4E02-ADF6-6FACE037721E}"
EndProject
Project("{9A19103F-16F7-4668-BE54-9A1E7A4F7556}") = "01. Train", "01. Train\01. Train.csproj", "{8C4F2B97-A627-4CA2-85AC-B6511A6F0054}"
EndProject
Project("{9A19103F-16F7-4668-BE54-9A1E7A4F7556}") = "02. Common Elements", "02. Common Elements\02. Common Elements.csproj", "{18446DAC-AD02-4985-BDF2-85AACAF4FDA3}"
EndProject
Project("{9A19103F-16F7-4668-BE54-9A1E7A4F7556}") = "03. Zig-Zag Arrays", "03. Zig-Zag Arrays\03. Zig-Zag Arrays.csproj", "{2CEB0507-C2C8-4B2D-ACE2-C2B04CF61660}"
EndProject
Project("{9A19103F-16F7-4668-BE54-9A1E7A4F7556}") = "04. Array Rotation", "04. Array Rotation\04. Array Rotation.csproj", "{904AC8E7-C5A5-44DB-9989-0B139E877137}"
EndProject
Project("{9A19103F-16F7-4668-BE54-9A1E7A4F7556}") = "05. Top Integers", "05. Top Integers\05. Top Integers.csproj", "{661FF6D8-35D6-40A2-934A-8CDB8BE72FCA}"
EndProject
Project("{9A19103F-16F7-4668-BE54-9A1E7A4F7556}") = "06. Equal Sum", "06. Equal Sum\06. Equal Sum.csproj", "{171E9E5F-BD47-4CC3-9081-BAAE793C9893}"
EndProject
Project("{9A19103F-16F7-4668-BE54-9A1E7A4F7556}") = "07. Max Sequence of Equal Elements", "07. Max Sequence of Equal Elements\07. Max Sequence of Equal Elements.csproj", "{3369F23B-06EA-47E4-BAB5-558AA5B97F2C}"
EndProject
Project("{FAE04EC0-301F-11D3-BF4B-00C04F79EFBC}") = "08. Magic Sum", "08. Magic Sum\08. Magic Sum.csproj", "{525C3131-6B92-4B8B-9775-303FBEDFEF14}"
EndProject
Project("{FAE04EC0-301F-11D3-BF4B-00C04F79EFBC}") = "9. Kamino Factory", "9. Kamino Factory\9. Kamino Factory.csproj", "{31C241D4-B5DA-49F8-AA55-C285369052BB}"
EndProject
Global
	GlobalSection(SolutionConfigurationPlatforms) = preSolution
		Debug|Any CPU = Debug|Any CPU
		Release|Any CPU = Release|Any CPU
	EndGlobalSection
	GlobalSection(ProjectConfigurationPlatforms) = postSolution
		{8E9C63EF-C193-405F-9DB7-9C1D60B46200}.Debug|Any CPU.ActiveCfg = Debug|Any CPU
		{8E9C63EF-C193-405F-9DB7-9C1D60B46200}.Debug|Any CPU.Build.0 = Debug|Any CPU
		{8E9C63EF-C193-405F-9DB7-9C1D60B46200}.Release|Any CPU.ActiveCfg = Release|Any CPU
		{8E9C63EF-C193-405F-9DB7-9C1D60B46200}.Release|Any CPU.Build.0 = Release|Any CPU
		{357A84FF-04B7-4C6C-AD21-B0B1ADA17A7A}.Debug|Any CPU.ActiveCfg = Debug|Any CPU
		{357A84FF-04B7-4C6C-AD21-B0B1ADA17A7A}.Debug|Any CPU.Build.0 = Debug|Any CPU
		{357A84FF-04B7-4C6C-AD21-B0B1ADA17A7A}.Release|Any CPU.ActiveCfg = Release|Any CPU
		{357A84FF-04B7-4C6C-AD21-B0B1ADA17A7A}.Release|Any CPU.Build.0 = Release|Any CPU
		{D5D1D77B-64E8-42B8-B606-C6E240CD5940}.Debug|Any CPU.ActiveCfg = Debug|Any CPU
		{D5D1D77B-64E8-42B8-B606-C6E240CD5940}.Debug|Any CPU.Build.0 = Debug|Any CPU
		{D5D1D77B-64E8-42B8-B606-C6E240CD5940}.Release|Any CPU.ActiveCfg = Release|Any CPU
		{D5D1D77B-64E8-42B8-B606-C6E240CD5940}.Release|Any CPU.Build.0 = Release|Any CPU
		{B97141D5-3204-4CCF-AE86-CACC8E508C21}.Debug|Any CPU.ActiveCfg = Debug|Any CPU
		{B97141D5-3204-4CCF-AE86-CACC8E508C21}.Debug|Any CPU.Build.0 = Debug|Any CPU
		{B97141D5-3204-4CCF-AE86-CACC8E508C21}.Release|Any CPU.ActiveCfg = Release|Any CPU
		{B97141D5-3204-4CCF-AE86-CACC8E508C21}.Release|Any CPU.Build.0 = Release|Any CPU
		{FF889BE2-B8FA-468E-9890-BF1EC4B8ABFC}.Debug|Any CPU.ActiveCfg = Debug|Any CPU
		{FF889BE2-B8FA-468E-9890-BF1EC4B8ABFC}.Debug|Any CPU.Build.0 = Debug|Any CPU
		{FF889BE2-B8FA-468E-9890-BF1EC4B8ABFC}.Release|Any CPU.ActiveCfg = Release|Any CPU
		{FF889BE2-B8FA-468E-9890-BF1EC4B8ABFC}.Release|Any CPU.Build.0 = Release|Any CPU
		{4B69B7E0-E2C6-43D2-8F60-F5D2C0025E9A}.Debug|Any CPU.ActiveCfg = Debug|Any CPU
		{4B69B7E0-E2C6-43D2-8F60-F5D2C0025E9A}.Debug|Any CPU.Build.0 = Debug|Any CPU
		{4B69B7E0-E2C6-43D2-8F60-F5D2C0025E9A}.Release|Any CPU.ActiveCfg = Release|Any CPU
		{4B69B7E0-E2C6-43D2-8F60-F5D2C0025E9A}.Release|Any CPU.Build.0 = Release|Any CPU
		{B4D77768-992F-4D6C-B2D4-728FBE31FC97}.Debug|Any CPU.ActiveCfg = Debug|Any CPU
		{B4D77768-992F-4D6C-B2D4-728FBE31FC97}.Debug|Any CPU.Build.0 = Debug|Any CPU
		{B4D77768-992F-4D6C-B2D4-728FBE31FC97}.Release|Any CPU.ActiveCfg = Release|Any CPU
		{B4D77768-992F-4D6C-B2D4-728FBE31FC97}.Release|Any CPU.Build.0 = Release|Any CPU
		{AF1A2038-877E-4072-BBBE-B44311E078AF}.Debug|Any CPU.ActiveCfg = Debug|Any CPU
		{AF1A2038-877E-4072-BBBE-B44311E078AF}.Debug|Any CPU.Build.0 = Debug|Any CPU
		{AF1A2038-877E-4072-BBBE-B44311E078AF}.Release|Any CPU.ActiveCfg = Release|Any CPU
		{AF1A2038-877E-4072-BBBE-B44311E078AF}.Release|Any CPU.Build.0 = Release|Any CPU
		{9A66DF47-B586-4910-B339-E489B47E0F86}.Debug|Any CPU.ActiveCfg = Debug|Any CPU
		{9A66DF47-B586-4910-B339-E489B47E0F86}.Debug|Any CPU.Build.0 = Debug|Any CPU
		{9A66DF47-B586-4910-B339-E489B47E0F86}.Release|Any CPU.ActiveCfg = Release|Any CPU
		{9A66DF47-B586-4910-B339-E489B47E0F86}.Release|Any CPU.Build.0 = Release|Any CPU
		{4ED0B3FE-E787-4E19-9FB7-420553BA83CA}.Debug|Any CPU.ActiveCfg = Debug|Any CPU
		{4ED0B3FE-E787-4E19-9FB7-420553BA83CA}.Debug|Any CPU.Build.0 = Debug|Any CPU
		{4ED0B3FE-E787-4E19-9FB7-420553BA83CA}.Release|Any CPU.ActiveCfg = Release|Any CPU
		{4ED0B3FE-E787-4E19-9FB7-420553BA83CA}.Release|Any CPU.Build.0 = Release|Any CPU
		{14FE700D-2528-4F9D-ACE3-534AC67001BE}.Debug|Any CPU.ActiveCfg = Debug|Any CPU
		{14FE700D-2528-4F9D-ACE3-534AC67001BE}.Debug|Any CPU.Build.0 = Debug|Any CPU
		{14FE700D-2528-4F9D-ACE3-534AC67001BE}.Release|Any CPU.ActiveCfg = Release|Any CPU
		{14FE700D-2528-4F9D-ACE3-534AC67001BE}.Release|Any CPU.Build.0 = Release|Any CPU
		{E11D7788-8BDA-4C8D-A151-5142295A71CB}.Debug|Any CPU.ActiveCfg = Debug|Any CPU
		{E11D7788-8BDA-4C8D-A151-5142295A71CB}.Debug|Any CPU.Build.0 = Debug|Any CPU
		{E11D7788-8BDA-4C8D-A151-5142295A71CB}.Release|Any CPU.ActiveCfg = Release|Any CPU
		{E11D7788-8BDA-4C8D-A151-5142295A71CB}.Release|Any CPU.Build.0 = Release|Any CPU
		{958FC9E0-984E-48F6-94EC-22F5DA385F40}.Debug|Any CPU.ActiveCfg = Debug|Any CPU
		{958FC9E0-984E-48F6-94EC-22F5DA385F40}.Debug|Any CPU.Build.0 = Debug|Any CPU
		{958FC9E0-984E-48F6-94EC-22F5DA385F40}.Release|Any CPU.ActiveCfg = Release|Any CPU
		{958FC9E0-984E-48F6-94EC-22F5DA385F40}.Release|Any CPU.Build.0 = Release|Any CPU
		{86BED642-98EC-45C8-B8A0-0EDBA01BF978}.Debug|Any CPU.ActiveCfg = Debug|Any CPU
		{86BED642-98EC-45C8-B8A0-0EDBA01BF978}.Debug|Any CPU.Build.0 = Debug|Any CPU
		{86BED642-98EC-45C8-B8A0-0EDBA01BF978}.Release|Any CPU.ActiveCfg = Release|Any CPU
		{86BED642-98EC-45C8-B8A0-0EDBA01BF978}.Release|Any CPU.Build.0 = Release|Any CPU
		{E2B98ED2-7EA5-4AF1-9D58-047DE0269A52}.Debug|Any CPU.ActiveCfg = Debug|Any CPU
		{E2B98ED2-7EA5-4AF1-9D58-047DE0269A52}.Debug|Any CPU.Build.0 = Debug|Any CPU
		{E2B98ED2-7EA5-4AF1-9D58-047DE0269A52}.Release|Any CPU.ActiveCfg = Release|Any CPU
		{E2B98ED2-7EA5-4AF1-9D58-047DE0269A52}.Release|Any CPU.Build.0 = Release|Any CPU
		{2FD95398-5CC0-4CAB-BA3A-7658AACB7F42}.Debug|Any CPU.ActiveCfg = Debug|Any CPU
		{2FD95398-5CC0-4CAB-BA3A-7658AACB7F42}.Debug|Any CPU.Build.0 = Debug|Any CPU
		{2FD95398-5CC0-4CAB-BA3A-7658AACB7F42}.Release|Any CPU.ActiveCfg = Release|Any CPU
		{2FD95398-5CC0-4CAB-BA3A-7658AACB7F42}.Release|Any CPU.Build.0 = Release|Any CPU
		{FE7EA888-46B4-4511-83AF-7DD3E92648BB}.Debug|Any CPU.ActiveCfg = Debug|Any CPU
		{FE7EA888-46B4-4511-83AF-7DD3E92648BB}.Debug|Any CPU.Build.0 = Debug|Any CPU
		{FE7EA888-46B4-4511-83AF-7DD3E92648BB}.Release|Any CPU.ActiveCfg = Release|Any CPU
		{FE7EA888-46B4-4511-83AF-7DD3E92648BB}.Release|Any CPU.Build.0 = Release|Any CPU
		{F9B2030C-441F-4FD5-A9FD-7D1CCB90DA1F}.Debug|Any CPU.ActiveCfg = Debug|Any CPU
		{F9B2030C-441F-4FD5-A9FD-7D1CCB90DA1F}.Debug|Any CPU.Build.0 = Debug|Any CPU
		{F9B2030C-441F-4FD5-A9FD-7D1CCB90DA1F}.Release|Any CPU.ActiveCfg = Release|Any CPU
		{F9B2030C-441F-4FD5-A9FD-7D1CCB90DA1F}.Release|Any CPU.Build.0 = Release|Any CPU
		{D03931F9-7CF2-4092-B4B3-25BBCDEACFF7}.Debug|Any CPU.ActiveCfg = Debug|Any CPU
		{D03931F9-7CF2-4092-B4B3-25BBCDEACFF7}.Debug|Any CPU.Build.0 = Debug|Any CPU
		{D03931F9-7CF2-4092-B4B3-25BBCDEACFF7}.Release|Any CPU.ActiveCfg = Release|Any CPU
		{D03931F9-7CF2-4092-B4B3-25BBCDEACFF7}.Release|Any CPU.Build.0 = Release|Any CPU
		{A9F5D7C4-8654-44A2-A7C1-C388B86625B4}.Debug|Any CPU.ActiveCfg = Debug|Any CPU
		{A9F5D7C4-8654-44A2-A7C1-C388B86625B4}.Debug|Any CPU.Build.0 = Debug|Any CPU
		{A9F5D7C4-8654-44A2-A7C1-C388B86625B4}.Release|Any CPU.ActiveCfg = Release|Any CPU
		{A9F5D7C4-8654-44A2-A7C1-C388B86625B4}.Release|Any CPU.Build.0 = Release|Any CPU
		{8DE22122-E98D-4C1A-97B8-7FFD06E1E735}.Debug|Any CPU.ActiveCfg = Debug|Any CPU
		{8DE22122-E98D-4C1A-97B8-7FFD06E1E735}.Debug|Any CPU.Build.0 = Debug|Any CPU
		{8DE22122-E98D-4C1A-97B8-7FFD06E1E735}.Release|Any CPU.ActiveCfg = Release|Any CPU
		{8DE22122-E98D-4C1A-97B8-7FFD06E1E735}.Release|Any CPU.Build.0 = Release|Any CPU
		{9AD8798D-0D90-43D9-B0DD-6777E0F03FF6}.Debug|Any CPU.ActiveCfg = Debug|Any CPU
		{9AD8798D-0D90-43D9-B0DD-6777E0F03FF6}.Debug|Any CPU.Build.0 = Debug|Any CPU
		{9AD8798D-0D90-43D9-B0DD-6777E0F03FF6}.Release|Any CPU.ActiveCfg = Release|Any CPU
		{9AD8798D-0D90-43D9-B0DD-6777E0F03FF6}.Release|Any CPU.Build.0 = Release|Any CPU
		{19054416-98E2-458D-81D7-02C5D42A64F3}.Debug|Any CPU.ActiveCfg = Debug|Any CPU
		{19054416-98E2-458D-81D7-02C5D42A64F3}.Debug|Any CPU.Build.0 = Debug|Any CPU
		{19054416-98E2-458D-81D7-02C5D42A64F3}.Release|Any CPU.ActiveCfg = Release|Any CPU
		{19054416-98E2-458D-81D7-02C5D42A64F3}.Release|Any CPU.Build.0 = Release|Any CPU
		{05CDEAC7-2592-4B7D-92B3-9A7875C9445D}.Debug|Any CPU.ActiveCfg = Debug|Any CPU
		{05CDEAC7-2592-4B7D-92B3-9A7875C9445D}.Debug|Any CPU.Build.0 = Debug|Any CPU
		{05CDEAC7-2592-4B7D-92B3-9A7875C9445D}.Release|Any CPU.ActiveCfg = Release|Any CPU
		{05CDEAC7-2592-4B7D-92B3-9A7875C9445D}.Release|Any CPU.Build.0 = Release|Any CPU
		{94BD78EB-4CA3-4CBA-8902-DACBF8606BD1}.Debug|Any CPU.ActiveCfg = Debug|Any CPU
		{94BD78EB-4CA3-4CBA-8902-DACBF8606BD1}.Debug|Any CPU.Build.0 = Debug|Any CPU
		{94BD78EB-4CA3-4CBA-8902-DACBF8606BD1}.Release|Any CPU.ActiveCfg = Release|Any CPU
		{94BD78EB-4CA3-4CBA-8902-DACBF8606BD1}.Release|Any CPU.Build.0 = Release|Any CPU
		{A89AF7D4-8E80-4BEE-8610-DEFA31E1C328}.Debug|Any CPU.ActiveCfg = Debug|Any CPU
		{A89AF7D4-8E80-4BEE-8610-DEFA31E1C328}.Debug|Any CPU.Build.0 = Debug|Any CPU
		{A89AF7D4-8E80-4BEE-8610-DEFA31E1C328}.Release|Any CPU.ActiveCfg = Release|Any CPU
		{A89AF7D4-8E80-4BEE-8610-DEFA31E1C328}.Release|Any CPU.Build.0 = Release|Any CPU
		{5B0E34EF-C698-4B43-A813-36C8532839E6}.Debug|Any CPU.ActiveCfg = Debug|Any CPU
		{5B0E34EF-C698-4B43-A813-36C8532839E6}.Debug|Any CPU.Build.0 = Debug|Any CPU
		{5B0E34EF-C698-4B43-A813-36C8532839E6}.Release|Any CPU.ActiveCfg = Release|Any CPU
		{5B0E34EF-C698-4B43-A813-36C8532839E6}.Release|Any CPU.Build.0 = Release|Any CPU
		{B113B43A-094E-42A0-A1A7-7978F678F2AB}.Debug|Any CPU.ActiveCfg = Debug|Any CPU
		{B113B43A-094E-42A0-A1A7-7978F678F2AB}.Debug|Any CPU.Build.0 = Debug|Any CPU
		{B113B43A-094E-42A0-A1A7-7978F678F2AB}.Release|Any CPU.ActiveCfg = Release|Any CPU
		{B113B43A-094E-42A0-A1A7-7978F678F2AB}.Release|Any CPU.Build.0 = Release|Any CPU
		{42085634-F0C5-4CD2-AECF-ECF4F3386C81}.Debug|Any CPU.ActiveCfg = Debug|Any CPU
		{42085634-F0C5-4CD2-AECF-ECF4F3386C81}.Debug|Any CPU.Build.0 = Debug|Any CPU
		{42085634-F0C5-4CD2-AECF-ECF4F3386C81}.Release|Any CPU.ActiveCfg = Release|Any CPU
		{42085634-F0C5-4CD2-AECF-ECF4F3386C81}.Release|Any CPU.Build.0 = Release|Any CPU
		{E7A58266-6079-49C6-88DA-E9455BF84FD5}.Debug|Any CPU.ActiveCfg = Debug|Any CPU
		{E7A58266-6079-49C6-88DA-E9455BF84FD5}.Debug|Any CPU.Build.0 = Debug|Any CPU
		{E7A58266-6079-49C6-88DA-E9455BF84FD5}.Release|Any CPU.ActiveCfg = Release|Any CPU
		{E7A58266-6079-49C6-88DA-E9455BF84FD5}.Release|Any CPU.Build.0 = Release|Any CPU
		{0F8D2D67-3D49-4F2D-BDEF-34A5E873139C}.Debug|Any CPU.ActiveCfg = Debug|Any CPU
		{0F8D2D67-3D49-4F2D-BDEF-34A5E873139C}.Debug|Any CPU.Build.0 = Debug|Any CPU
		{0F8D2D67-3D49-4F2D-BDEF-34A5E873139C}.Release|Any CPU.ActiveCfg = Release|Any CPU
		{0F8D2D67-3D49-4F2D-BDEF-34A5E873139C}.Release|Any CPU.Build.0 = Release|Any CPU
		{4220F686-B3F2-4BFB-ADA3-C21A49C0FB78}.Debug|Any CPU.ActiveCfg = Debug|Any CPU
		{4220F686-B3F2-4BFB-ADA3-C21A49C0FB78}.Debug|Any CPU.Build.0 = Debug|Any CPU
		{4220F686-B3F2-4BFB-ADA3-C21A49C0FB78}.Release|Any CPU.ActiveCfg = Release|Any CPU
		{4220F686-B3F2-4BFB-ADA3-C21A49C0FB78}.Release|Any CPU.Build.0 = Release|Any CPU
		{651942C7-C593-4E74-8404-BF7EFEBE377D}.Debug|Any CPU.ActiveCfg = Debug|Any CPU
		{651942C7-C593-4E74-8404-BF7EFEBE377D}.Debug|Any CPU.Build.0 = Debug|Any CPU
		{651942C7-C593-4E74-8404-BF7EFEBE377D}.Release|Any CPU.ActiveCfg = Release|Any CPU
		{651942C7-C593-4E74-8404-BF7EFEBE377D}.Release|Any CPU.Build.0 = Release|Any CPU
		{14461EAE-27AA-41A3-A048-3A0687DFE155}.Debug|Any CPU.ActiveCfg = Debug|Any CPU
		{14461EAE-27AA-41A3-A048-3A0687DFE155}.Debug|Any CPU.Build.0 = Debug|Any CPU
		{14461EAE-27AA-41A3-A048-3A0687DFE155}.Release|Any CPU.ActiveCfg = Release|Any CPU
		{14461EAE-27AA-41A3-A048-3A0687DFE155}.Release|Any CPU.Build.0 = Release|Any CPU
		{F3AC34FA-7D85-4127-AAA0-74A84AE2646D}.Debug|Any CPU.ActiveCfg = Debug|Any CPU
		{F3AC34FA-7D85-4127-AAA0-74A84AE2646D}.Debug|Any CPU.Build.0 = Debug|Any CPU
		{F3AC34FA-7D85-4127-AAA0-74A84AE2646D}.Release|Any CPU.ActiveCfg = Release|Any CPU
		{F3AC34FA-7D85-4127-AAA0-74A84AE2646D}.Release|Any CPU.Build.0 = Release|Any CPU
		{534DF872-7C33-4184-8AB8-933A2C55454C}.Debug|Any CPU.ActiveCfg = Debug|Any CPU
		{534DF872-7C33-4184-8AB8-933A2C55454C}.Debug|Any CPU.Build.0 = Debug|Any CPU
		{534DF872-7C33-4184-8AB8-933A2C55454C}.Release|Any CPU.ActiveCfg = Release|Any CPU
		{534DF872-7C33-4184-8AB8-933A2C55454C}.Release|Any CPU.Build.0 = Release|Any CPU
		{584C3050-8893-4BD4-8F41-9660A4CA1889}.Debug|Any CPU.ActiveCfg = Debug|Any CPU
		{584C3050-8893-4BD4-8F41-9660A4CA1889}.Debug|Any CPU.Build.0 = Debug|Any CPU
		{584C3050-8893-4BD4-8F41-9660A4CA1889}.Release|Any CPU.ActiveCfg = Release|Any CPU
		{584C3050-8893-4BD4-8F41-9660A4CA1889}.Release|Any CPU.Build.0 = Release|Any CPU
		{5C6B3A9D-F036-4E02-ADF6-6FACE037721E}.Debug|Any CPU.ActiveCfg = Debug|Any CPU
		{5C6B3A9D-F036-4E02-ADF6-6FACE037721E}.Debug|Any CPU.Build.0 = Debug|Any CPU
		{5C6B3A9D-F036-4E02-ADF6-6FACE037721E}.Release|Any CPU.ActiveCfg = Release|Any CPU
		{5C6B3A9D-F036-4E02-ADF6-6FACE037721E}.Release|Any CPU.Build.0 = Release|Any CPU
		{8C4F2B97-A627-4CA2-85AC-B6511A6F0054}.Debug|Any CPU.ActiveCfg = Debug|Any CPU
		{8C4F2B97-A627-4CA2-85AC-B6511A6F0054}.Debug|Any CPU.Build.0 = Debug|Any CPU
		{8C4F2B97-A627-4CA2-85AC-B6511A6F0054}.Release|Any CPU.ActiveCfg = Release|Any CPU
		{8C4F2B97-A627-4CA2-85AC-B6511A6F0054}.Release|Any CPU.Build.0 = Release|Any CPU
		{18446DAC-AD02-4985-BDF2-85AACAF4FDA3}.Debug|Any CPU.ActiveCfg = Debug|Any CPU
		{18446DAC-AD02-4985-BDF2-85AACAF4FDA3}.Debug|Any CPU.Build.0 = Debug|Any CPU
		{18446DAC-AD02-4985-BDF2-85AACAF4FDA3}.Release|Any CPU.ActiveCfg = Release|Any CPU
		{18446DAC-AD02-4985-BDF2-85AACAF4FDA3}.Release|Any CPU.Build.0 = Release|Any CPU
		{2CEB0507-C2C8-4B2D-ACE2-C2B04CF61660}.Debug|Any CPU.ActiveCfg = Debug|Any CPU
		{2CEB0507-C2C8-4B2D-ACE2-C2B04CF61660}.Debug|Any CPU.Build.0 = Debug|Any CPU
		{2CEB0507-C2C8-4B2D-ACE2-C2B04CF61660}.Release|Any CPU.ActiveCfg = Release|Any CPU
		{2CEB0507-C2C8-4B2D-ACE2-C2B04CF61660}.Release|Any CPU.Build.0 = Release|Any CPU
		{904AC8E7-C5A5-44DB-9989-0B139E877137}.Debug|Any CPU.ActiveCfg = Debug|Any CPU
		{904AC8E7-C5A5-44DB-9989-0B139E877137}.Debug|Any CPU.Build.0 = Debug|Any CPU
		{904AC8E7-C5A5-44DB-9989-0B139E877137}.Release|Any CPU.ActiveCfg = Release|Any CPU
		{904AC8E7-C5A5-44DB-9989-0B139E877137}.Release|Any CPU.Build.0 = Release|Any CPU
		{661FF6D8-35D6-40A2-934A-8CDB8BE72FCA}.Debug|Any CPU.ActiveCfg = Debug|Any CPU
		{661FF6D8-35D6-40A2-934A-8CDB8BE72FCA}.Debug|Any CPU.Build.0 = Debug|Any CPU
		{661FF6D8-35D6-40A2-934A-8CDB8BE72FCA}.Release|Any CPU.ActiveCfg = Release|Any CPU
		{661FF6D8-35D6-40A2-934A-8CDB8BE72FCA}.Release|Any CPU.Build.0 = Release|Any CPU
		{171E9E5F-BD47-4CC3-9081-BAAE793C9893}.Debug|Any CPU.ActiveCfg = Debug|Any CPU
		{171E9E5F-BD47-4CC3-9081-BAAE793C9893}.Debug|Any CPU.Build.0 = Debug|Any CPU
		{171E9E5F-BD47-4CC3-9081-BAAE793C9893}.Release|Any CPU.ActiveCfg = Release|Any CPU
		{171E9E5F-BD47-4CC3-9081-BAAE793C9893}.Release|Any CPU.Build.0 = Release|Any CPU
		{3369F23B-06EA-47E4-BAB5-558AA5B97F2C}.Debug|Any CPU.ActiveCfg = Debug|Any CPU
		{3369F23B-06EA-47E4-BAB5-558AA5B97F2C}.Debug|Any CPU.Build.0 = Debug|Any CPU
		{3369F23B-06EA-47E4-BAB5-558AA5B97F2C}.Release|Any CPU.ActiveCfg = Release|Any CPU
		{3369F23B-06EA-47E4-BAB5-558AA5B97F2C}.Release|Any CPU.Build.0 = Release|Any CPU
		{525C3131-6B92-4B8B-9775-303FBEDFEF14}.Debug|Any CPU.ActiveCfg = Debug|Any CPU
		{525C3131-6B92-4B8B-9775-303FBEDFEF14}.Debug|Any CPU.Build.0 = Debug|Any CPU
		{525C3131-6B92-4B8B-9775-303FBEDFEF14}.Release|Any CPU.ActiveCfg = Release|Any CPU
		{525C3131-6B92-4B8B-9775-303FBEDFEF14}.Release|Any CPU.Build.0 = Release|Any CPU
		{31C241D4-B5DA-49F8-AA55-C285369052BB}.Debug|Any CPU.ActiveCfg = Debug|Any CPU
		{31C241D4-B5DA-49F8-AA55-C285369052BB}.Debug|Any CPU.Build.0 = Debug|Any CPU
		{31C241D4-B5DA-49F8-AA55-C285369052BB}.Release|Any CPU.ActiveCfg = Release|Any CPU
		{31C241D4-B5DA-49F8-AA55-C285369052BB}.Release|Any CPU.Build.0 = Release|Any CPU
	EndGlobalSection
	GlobalSection(SolutionProperties) = preSolution
		HideSolutionNode = FALSE
	EndGlobalSection
	GlobalSection(ExtensibilityGlobals) = postSolution
		SolutionGuid = {6406AA8F-B628-4EA8-B623-C457D6E7E2E1}
	EndGlobalSection
EndGlobal
